
Microsoft Visual Studio Solution File, Format Version 12.00
# Visual Studio Version 16
VisualStudioVersion = 16.0.29609.76
MinimumVisualStudioVersion = 10.0.40219.1
Project("{FAE04EC0-301F-11D3-BF4B-00C04F79EFBC}") = "Ejercicio3Creacion", "Ejercicio3Creacion\Ejercicio3Creacion.csproj", "{5ABF9C5D-7EE8-4A82-BFFA-FBD1C86BBB1A}"
EndProject
Project("{FAE04EC0-301F-11D3-BF4B-00C04F79EFBC}") = "WindowsFormsApp1", "WindowsFormsApp1\WindowsFormsApp1.csproj", "{7076A6EE-DAFE-44DD-82A6-698D0368F147}"
EndProject
Global
	GlobalSection(SolutionConfigurationPlatforms) = preSolution
		Debug|Any CPU = Debug|Any CPU
		Release|Any CPU = Release|Any CPU
	EndGlobalSection
	GlobalSection(ProjectConfigurationPlatforms) = postSolution
		{5ABF9C5D-7EE8-4A82-BFFA-FBD1C86BBB1A}.Debug|Any CPU.ActiveCfg = Debug|Any CPU
		{5ABF9C5D-7EE8-4A82-BFFA-FBD1C86BBB1A}.Debug|Any CPU.Build.0 = Debug|Any CPU
		{5ABF9C5D-7EE8-4A82-BFFA-FBD1C86BBB1A}.Release|Any CPU.ActiveCfg = Release|Any CPU
		{5ABF9C5D-7EE8-4A82-BFFA-FBD1C86BBB1A}.Release|Any CPU.Build.0 = Release|Any CPU
		{7076A6EE-DAFE-44DD-82A6-698D0368F147}.Debug|Any CPU.ActiveCfg = Debug|Any CPU
		{7076A6EE-DAFE-44DD-82A6-698D0368F147}.Debug|Any CPU.Build.0 = Debug|Any CPU
		{7076A6EE-DAFE-44DD-82A6-698D0368F147}.Release|Any CPU.ActiveCfg = Release|Any CPU
		{7076A6EE-DAFE-44DD-82A6-698D0368F147}.Release|Any CPU.Build.0 = Release|Any CPU
	EndGlobalSection
	GlobalSection(SolutionProperties) = preSolution
		HideSolutionNode = FALSE
	EndGlobalSection
	GlobalSection(ExtensibilityGlobals) = postSolution
		SolutionGuid = {7ADC306B-CE8B-40F3-BDAD-3684B36F8B46}
	EndGlobalSection
EndGlobal
